// !$*UTF8*$!
{
	archiveVersion = 1;
	classes = {
	};
	objectVersion = 55;
	objects = {

/* Begin PBXBuildFile section */
		1892FB7527EDBECC00E88F3D /* paywall_challenge_swiftuiApp.swift in Sources */ = {isa = PBXBuildFile; fileRef = 1892FB7427EDBECC00E88F3D /* paywall_challenge_swiftuiApp.swift */; };
		1892FB7727EDBECC00E88F3D /* ContentView.swift in Sources */ = {isa = PBXBuildFile; fileRef = 1892FB7627EDBECC00E88F3D /* ContentView.swift */; };
		1892FB7927EDBECD00E88F3D /* Assets.xcassets in Resources */ = {isa = PBXBuildFile; fileRef = 1892FB7827EDBECD00E88F3D /* Assets.xcassets */; };
		1892FB7C27EDBECD00E88F3D /* Preview Assets.xcassets in Resources */ = {isa = PBXBuildFile; fileRef = 1892FB7B27EDBECD00E88F3D /* Preview Assets.xcassets */; };
		1892FB8627EDBECD00E88F3D /* paywall_challenge_swiftuiTests.swift in Sources */ = {isa = PBXBuildFile; fileRef = 1892FB8527EDBECD00E88F3D /* paywall_challenge_swiftuiTests.swift */; };
		1892FB9027EDBECD00E88F3D /* paywall_challenge_swiftuiUITests.swift in Sources */ = {isa = PBXBuildFile; fileRef = 1892FB8F27EDBECD00E88F3D /* paywall_challenge_swiftuiUITests.swift */; };
		1892FB9227EDBECD00E88F3D /* paywall_challenge_swiftuiUITestsLaunchTests.swift in Sources */ = {isa = PBXBuildFile; fileRef = 1892FB9127EDBECD00E88F3D /* paywall_challenge_swiftuiUITestsLaunchTests.swift */; };
/* End PBXBuildFile section */

/* Begin PBXContainerItemProxy section */
		1892FB8227EDBECD00E88F3D /* PBXContainerItemProxy */ = {
			isa = PBXContainerItemProxy;
			containerPortal = 1892FB6927EDBECC00E88F3D /* Project object */;
			proxyType = 1;
			remoteGlobalIDString = 1892FB7027EDBECC00E88F3D;
			remoteInfo = paywall_challenge_swiftui;
		};
		1892FB8C27EDBECD00E88F3D /* PBXContainerItemProxy */ = {
			isa = PBXContainerItemProxy;
			containerPortal = 1892FB6927EDBECC00E88F3D /* Project object */;
			proxyType = 1;
			remoteGlobalIDString = 1892FB7027EDBECC00E88F3D;
			remoteInfo = paywall_challenge_swiftui;
		};
/* End PBXContainerItemProxy section */

/* Begin PBXFileReference section */
		1892FB7127EDBECC00E88F3D /* paywall_challenge_swiftui.app */ = {isa = PBXFileReference; explicitFileType = wrapper.application; includeInIndex = 0; path = paywall_challenge_swiftui.app; sourceTree = BUILT_PRODUCTS_DIR; };
		1892FB7427EDBECC00E88F3D /* paywall_challenge_swiftuiApp.swift */ = {isa = PBXFileReference; lastKnownFileType = sourcecode.swift; path = paywall_challenge_swiftuiApp.swift; sourceTree = "<group>"; };
		1892FB7627EDBECC00E88F3D /* ContentView.swift */ = {isa = PBXFileReference; lastKnownFileType = sourcecode.swift; path = ContentView.swift; sourceTree = "<group>"; };
		1892FB7827EDBECD00E88F3D /* Assets.xcassets */ = {isa = PBXFileReference; lastKnownFileType = folder.assetcatalog; path = Assets.xcassets; sourceTree = "<group>"; };
		1892FB7B27EDBECD00E88F3D /* Preview Assets.xcassets */ = {isa = PBXFileReference; lastKnownFileType = folder.assetcatalog; path = "Preview Assets.xcassets"; sourceTree = "<group>"; };
		1892FB8127EDBECD00E88F3D /* paywall_challenge_swiftuiTests.xctest */ = {isa = PBXFileReference; explicitFileType = wrapper.cfbundle; includeInIndex = 0; path = paywall_challenge_swiftuiTests.xctest; sourceTree = BUILT_PRODUCTS_DIR; };
		1892FB8527EDBECD00E88F3D /* paywall_challenge_swiftuiTests.swift */ = {isa = PBXFileReference; lastKnownFileType = sourcecode.swift; path = paywall_challenge_swiftuiTests.swift; sourceTree = "<group>"; };
		1892FB8B27EDBECD00E88F3D /* paywall_challenge_swiftuiUITests.xctest */ = {isa = PBXFileReference; explicitFileType = wrapper.cfbundle; includeInIndex = 0; path = paywall_challenge_swiftuiUITests.xctest; sourceTree = BUILT_PRODUCTS_DIR; };
		1892FB8F27EDBECD00E88F3D /* paywall_challenge_swiftuiUITests.swift */ = {isa = PBXFileReference; lastKnownFileType = sourcecode.swift; path = paywall_challenge_swiftuiUITests.swift; sourceTree = "<group>"; };
		1892FB9127EDBECD00E88F3D /* paywall_challenge_swiftuiUITestsLaunchTests.swift */ = {isa = PBXFileReference; lastKnownFileType = sourcecode.swift; path = paywall_challenge_swiftuiUITestsLaunchTests.swift; sourceTree = "<group>"; };
/* End PBXFileReference section */

/* Begin PBXFrameworksBuildPhase section */
		1892FB6E27EDBECC00E88F3D /* Frameworks */ = {
			isa = PBXFrameworksBuildPhase;
			buildActionMask = 2147483647;
			files = (
			);
			runOnlyForDeploymentPostprocessing = 0;
		};
		1892FB7E27EDBECD00E88F3D /* Frameworks */ = {
			isa = PBXFrameworksBuildPhase;
			buildActionMask = 2147483647;
			files = (
			);
			runOnlyForDeploymentPostprocessing = 0;
		};
		1892FB8827EDBECD00E88F3D /* Frameworks */ = {
			isa = PBXFrameworksBuildPhase;
			buildActionMask = 2147483647;
			files = (
			);
			runOnlyForDeploymentPostprocessing = 0;
		};
/* End PBXFrameworksBuildPhase section */

/* Begin PBXGroup section */
		1892FB6827EDBECC00E88F3D = {
			isa = PBXGroup;
			children = (
				1892FB7327EDBECC00E88F3D /* paywall_challenge_swiftui */,
				1892FB8427EDBECD00E88F3D /* paywall_challenge_swiftuiTests */,
				1892FB8E27EDBECD00E88F3D /* paywall_challenge_swiftuiUITests */,
				1892FB7227EDBECC00E88F3D /* Products */,
			);
			sourceTree = "<group>";
		};
		1892FB7227EDBECC00E88F3D /* Products */ = {
			isa = PBXGroup;
			children = (
				1892FB7127EDBECC00E88F3D /* paywall_challenge_swiftui.app */,
				1892FB8127EDBECD00E88F3D /* paywall_challenge_swiftuiTests.xctest */,
				1892FB8B27EDBECD00E88F3D /* paywall_challenge_swiftuiUITests.xctest */,
			);
			name = Products;
			sourceTree = "<group>";
		};
		1892FB7327EDBECC00E88F3D /* paywall_challenge_swiftui */ = {
			isa = PBXGroup;
			children = (
				1892FB7427EDBECC00E88F3D /* paywall_challenge_swiftuiApp.swift */,
				1892FB7627EDBECC00E88F3D /* ContentView.swift */,
				1892FB7827EDBECD00E88F3D /* Assets.xcassets */,
				1892FB7A27EDBECD00E88F3D /* Preview Content */,
			);
			path = paywall_challenge_swiftui;
			sourceTree = "<group>";
		};
		1892FB7A27EDBECD00E88F3D /* Preview Content */ = {
			isa = PBXGroup;
			children = (
				1892FB7B27EDBECD00E88F3D /* Preview Assets.xcassets */,
			);
			path = "Preview Content";
			sourceTree = "<group>";
		};
		1892FB8427EDBECD00E88F3D /* paywall_challenge_swiftuiTests */ = {
			isa = PBXGroup;
			children = (
				1892FB8527EDBECD00E88F3D /* paywall_challenge_swiftuiTests.swift */,
			);
			path = paywall_challenge_swiftuiTests;
			sourceTree = "<group>";
		};
		1892FB8E27EDBECD00E88F3D /* paywall_challenge_swiftuiUITests */ = {
			isa = PBXGroup;
			children = (
				1892FB8F27EDBECD00E88F3D /* paywall_challenge_swiftuiUITests.swift */,
				1892FB9127EDBECD00E88F3D /* paywall_challenge_swiftuiUITestsLaunchTests.swift */,
			);
			path = paywall_challenge_swiftuiUITests;
			sourceTree = "<group>";
		};
/* End PBXGroup section */

/* Begin PBXNativeTarget section */
		1892FB7027EDBECC00E88F3D /* paywall_challenge_swiftui */ = {
			isa = PBXNativeTarget;
			buildConfigurationList = 1892FB9527EDBECD00E88F3D /* Build configuration list for PBXNativeTarget "paywall_challenge_swiftui" */;
			buildPhases = (
				1892FB6D27EDBECC00E88F3D /* Sources */,
				1892FB6E27EDBECC00E88F3D /* Frameworks */,
				1892FB6F27EDBECC00E88F3D /* Resources */,
			);
			buildRules = (
			);
			dependencies = (
			);
			name = paywall_challenge_swiftui;
			productName = paywall_challenge_swiftui;
			productReference = 1892FB7127EDBECC00E88F3D /* paywall_challenge_swiftui.app */;
			productType = "com.apple.product-type.application";
		};
		1892FB8027EDBECD00E88F3D /* paywall_challenge_swiftuiTests */ = {
			isa = PBXNativeTarget;
			buildConfigurationList = 1892FB9827EDBECD00E88F3D /* Build configuration list for PBXNativeTarget "paywall_challenge_swiftuiTests" */;
			buildPhases = (
				1892FB7D27EDBECD00E88F3D /* Sources */,
				1892FB7E27EDBECD00E88F3D /* Frameworks */,
				1892FB7F27EDBECD00E88F3D /* Resources */,
			);
			buildRules = (
			);
			dependencies = (
				1892FB8327EDBECD00E88F3D /* PBXTargetDependency */,
			);
			name = paywall_challenge_swiftuiTests;
			productName = paywall_challenge_swiftuiTests;
			productReference = 1892FB8127EDBECD00E88F3D /* paywall_challenge_swiftuiTests.xctest */;
			productType = "com.apple.product-type.bundle.unit-test";
		};
		1892FB8A27EDBECD00E88F3D /* paywall_challenge_swiftuiUITests */ = {
			isa = PBXNativeTarget;
			buildConfigurationList = 1892FB9B27EDBECD00E88F3D /* Build configuration list for PBXNativeTarget "paywall_challenge_swiftuiUITests" */;
			buildPhases = (
				1892FB8727EDBECD00E88F3D /* Sources */,
				1892FB8827EDBECD00E88F3D /* Frameworks */,
				1892FB8927EDBECD00E88F3D /* Resources */,
			);
			buildRules = (
			);
			dependencies = (
				1892FB8D27EDBECD00E88F3D /* PBXTargetDependency */,
			);
			name = paywall_challenge_swiftuiUITests;
			productName = paywall_challenge_swiftuiUITests;
			productReference = 1892FB8B27EDBECD00E88F3D /* paywall_challenge_swiftuiUITests.xctest */;
			productType = "com.apple.product-type.bundle.ui-testing";
		};
/* End PBXNativeTarget section */

/* Begin PBXProject section */
		1892FB6927EDBECC00E88F3D /* Project object */ = {
			isa = PBXProject;
			attributes = {
				BuildIndependentTargetsInParallel = 1;
				LastSwiftUpdateCheck = 1320;
				LastUpgradeCheck = 1320;
				TargetAttributes = {
					1892FB7027EDBECC00E88F3D = {
						CreatedOnToolsVersion = 13.2.1;
					};
					1892FB8027EDBECD00E88F3D = {
						CreatedOnToolsVersion = 13.2.1;
						TestTargetID = 1892FB7027EDBECC00E88F3D;
					};
					1892FB8A27EDBECD00E88F3D = {
						CreatedOnToolsVersion = 13.2.1;
						TestTargetID = 1892FB7027EDBECC00E88F3D;
					};
				};
			};
			buildConfigurationList = 1892FB6C27EDBECC00E88F3D /* Build configuration list for PBXProject "paywall_challenge_swiftui" */;
			compatibilityVersion = "Xcode 13.0";
			developmentRegion = en;
			hasScannedForEncodings = 0;
			knownRegions = (
				en,
				Base,
			);
			mainGroup = 1892FB6827EDBECC00E88F3D;
			productRefGroup = 1892FB7227EDBECC00E88F3D /* Products */;
			projectDirPath = "";
			projectRoot = "";
			targets = (
				1892FB7027EDBECC00E88F3D /* paywall_challenge_swiftui */,
				1892FB8027EDBECD00E88F3D /* paywall_challenge_swiftuiTests */,
				1892FB8A27EDBECD00E88F3D /* paywall_challenge_swiftuiUITests */,
			);
		};
/* End PBXProject section */

/* Begin PBXResourcesBuildPhase section */
		1892FB6F27EDBECC00E88F3D /* Resources */ = {
			isa = PBXResourcesBuildPhase;
			buildActionMask = 2147483647;
			files = (
				1892FB7C27EDBECD00E88F3D /* Preview Assets.xcassets in Resources */,
				1892FB7927EDBECD00E88F3D /* Assets.xcassets in Resources */,
			);
			runOnlyForDeploymentPostprocessing = 0;
		};
		1892FB7F27EDBECD00E88F3D /* Resources */ = {
			isa = PBXResourcesBuildPhase;
			buildActionMask = 2147483647;
			files = (
			);
			runOnlyForDeploymentPostprocessing = 0;
		};
		1892FB8927EDBECD00E88F3D /* Resources */ = {
			isa = PBXResourcesBuildPhase;
			buildActionMask = 2147483647;
			files = (
			);
			runOnlyForDeploymentPostprocessing = 0;
		};
/* End PBXResourcesBuildPhase section */

/* Begin PBXSourcesBuildPhase section */
		1892FB6D27EDBECC00E88F3D /* Sources */ = {
			isa = PBXSourcesBuildPhase;
			buildActionMask = 2147483647;
			files = (
				1892FB7727EDBECC00E88F3D /* ContentView.swift in Sources */,
				1892FB7527EDBECC00E88F3D /* paywall_challenge_swiftuiApp.swift in Sources */,
			);
			runOnlyForDeploymentPostprocessing = 0;
		};
		1892FB7D27EDBECD00E88F3D /* Sources */ = {
			isa = PBXSourcesBuildPhase;
			buildActionMask = 2147483647;
			files = (
				1892FB8627EDBECD00E88F3D /* paywall_challenge_swiftuiTests.swift in Sources */,
			);
			runOnlyForDeploymentPostprocessing = 0;
		};
		1892FB8727EDBECD00E88F3D /* Sources */ = {
			isa = PBXSourcesBuildPhase;
			buildActionMask = 2147483647;
			files = (
				1892FB9027EDBECD00E88F3D /* paywall_challenge_swiftuiUITests.swift in Sources */,
				1892FB9227EDBECD00E88F3D /* paywall_challenge_swiftuiUITestsLaunchTests.swift in Sources */,
			);
			runOnlyForDeploymentPostprocessing = 0;
		};
/* End PBXSourcesBuildPhase section */

/* Begin PBXTargetDependency section */
		1892FB8327EDBECD00E88F3D /* PBXTargetDependency */ = {
			isa = PBXTargetDependency;
			target = 1892FB7027EDBECC00E88F3D /* paywall_challenge_swiftui */;
			targetProxy = 1892FB8227EDBECD00E88F3D /* PBXContainerItemProxy */;
		};
		1892FB8D27EDBECD00E88F3D /* PBXTargetDependency */ = {
			isa = PBXTargetDependency;
			target = 1892FB7027EDBECC00E88F3D /* paywall_challenge_swiftui */;
			targetProxy = 1892FB8C27EDBECD00E88F3D /* PBXContainerItemProxy */;
		};
/* End PBXTargetDependency section */

/* Begin XCBuildConfiguration section */
		1892FB9327EDBECD00E88F3D /* Debug */ = {
			isa = XCBuildConfiguration;
			buildSettings = {
				ALWAYS_SEARCH_USER_PATHS = NO;
				CLANG_ANALYZER_NONNULL = YES;
				CLANG_ANALYZER_NUMBER_OBJECT_CONVERSION = YES_AGGRESSIVE;
				CLANG_CXX_LANGUAGE_STANDARD = "gnu++17";
				CLANG_CXX_LIBRARY = "libc++";
				CLANG_ENABLE_MODULES = YES;
				CLANG_ENABLE_OBJC_ARC = YES;
				CLANG_ENABLE_OBJC_WEAK = YES;
				CLANG_WARN_BLOCK_CAPTURE_AUTORELEASING = YES;
				CLANG_WARN_BOOL_CONVERSION = YES;
				CLANG_WARN_COMMA = YES;
				CLANG_WARN_CONSTANT_CONVERSION = YES;
				CLANG_WARN_DEPRECATED_OBJC_IMPLEMENTATIONS = YES;
				CLANG_WARN_DIRECT_OBJC_ISA_USAGE = YES_ERROR;
				CLANG_WARN_DOCUMENTATION_COMMENTS = YES;
				CLANG_WARN_EMPTY_BODY = YES;
				CLANG_WARN_ENUM_CONVERSION = YES;
				CLANG_WARN_INFINITE_RECURSION = YES;
				CLANG_WARN_INT_CONVERSION = YES;
				CLANG_WARN_NON_LITERAL_NULL_CONVERSION = YES;
				CLANG_WARN_OBJC_IMPLICIT_RETAIN_SELF = YES;
				CLANG_WARN_OBJC_LITERAL_CONVERSION = YES;
				CLANG_WARN_OBJC_ROOT_CLASS = YES_ERROR;
				CLANG_WARN_QUOTED_INCLUDE_IN_FRAMEWORK_HEADER = YES;
				CLANG_WARN_RANGE_LOOP_ANALYSIS = YES;
				CLANG_WARN_STRICT_PROTOTYPES = YES;
				CLANG_WARN_SUSPICIOUS_MOVE = YES;
				CLANG_WARN_UNGUARDED_AVAILABILITY = YES_AGGRESSIVE;
				CLANG_WARN_UNREACHABLE_CODE = YES;
				CLANG_WARN__DUPLICATE_METHOD_MATCH = YES;
				COPY_PHASE_STRIP = NO;
				DEBUG_INFORMATION_FORMAT = dwarf;
				ENABLE_STRICT_OBJC_MSGSEND = YES;
				ENABLE_TESTABILITY = YES;
				GCC_C_LANGUAGE_STANDARD = gnu11;
				GCC_DYNAMIC_NO_PIC = NO;
				GCC_NO_COMMON_BLOCKS = YES;
				GCC_OPTIMIZATION_LEVEL = 0;
				GCC_PREPROCESSOR_DEFINITIONS = (
					"DEBUG=1",
					"$(inherited)",
				);
				GCC_WARN_64_TO_32_BIT_CONVERSION = YES;
				GCC_WARN_ABOUT_RETURN_TYPE = YES_ERROR;
				GCC_WARN_UNDECLARED_SELECTOR = YES;
				GCC_WARN_UNINITIALIZED_AUTOS = YES_AGGRESSIVE;
				GCC_WARN_UNUSED_FUNCTION = YES;
				GCC_WARN_UNUSED_VARIABLE = YES;
				IPHONEOS_DEPLOYMENT_TARGET = 15.2;
				MTL_ENABLE_DEBUG_INFO = INCLUDE_SOURCE;
				MTL_FAST_MATH = YES;
				ONLY_ACTIVE_ARCH = YES;
				SDKROOT = iphoneos;
				SWIFT_ACTIVE_COMPILATION_CONDITIONS = DEBUG;
				SWIFT_OPTIMIZATION_LEVEL = "-Onone";
			};
			name = Debug;
		};
		1892FB9427EDBECD00E88F3D /* Release */ = {
			isa = XCBuildConfiguration;
			buildSettings = {
				ALWAYS_SEARCH_USER_PATHS = NO;
				CLANG_ANALYZER_NONNULL = YES;
				CLANG_ANALYZER_NUMBER_OBJECT_CONVERSION = YES_AGGRESSIVE;
				CLANG_CXX_LANGUAGE_STANDARD = "gnu++17";
				CLANG_CXX_LIBRARY = "libc++";
				CLANG_ENABLE_MODULES = YES;
				CLANG_ENABLE_OBJC_ARC = YES;
				CLANG_ENABLE_OBJC_WEAK = YES;
				CLANG_WARN_BLOCK_CAPTURE_AUTORELEASING = YES;
				CLANG_WARN_BOOL_CONVERSION = YES;
				CLANG_WARN_COMMA = YES;
				CLANG_WARN_CONSTANT_CONVERSION = YES;
				CLANG_WARN_DEPRECATED_OBJC_IMPLEMENTATIONS = YES;
				CLANG_WARN_DIRECT_OBJC_ISA_USAGE = YES_ERROR;
				CLANG_WARN_DOCUMENTATION_COMMENTS = YES;
				CLANG_WARN_EMPTY_BODY = YES;
				CLANG_WARN_ENUM_CONVERSION = YES;
				CLANG_WARN_INFINITE_RECURSION = YES;
				CLANG_WARN_INT_CONVERSION = YES;
				CLANG_WARN_NON_LITERAL_NULL_CONVERSION = YES;
				CLANG_WARN_OBJC_IMPLICIT_RETAIN_SELF = YES;
				CLANG_WARN_OBJC_LITERAL_CONVERSION = YES;
				CLANG_WARN_OBJC_ROOT_CLASS = YES_ERROR;
				CLANG_WARN_QUOTED_INCLUDE_IN_FRAMEWORK_HEADER = YES;
				CLANG_WARN_RANGE_LOOP_ANALYSIS = YES;
				CLANG_WARN_STRICT_PROTOTYPES = YES;
				CLANG_WARN_SUSPICIOUS_MOVE = YES;
				CLANG_WARN_UNGUARDED_AVAILABILITY = YES_AGGRESSIVE;
				CLANG_WARN_UNREACHABLE_CODE = YES;
				CLANG_WARN__DUPLICATE_METHOD_MATCH = YES;
				COPY_PHASE_STRIP = NO;
				DEBUG_INFORMATION_FORMAT = "dwarf-with-dsym";
				ENABLE_NS_ASSERTIONS = NO;
				ENABLE_STRICT_OBJC_MSGSEND = YES;
				GCC_C_LANGUAGE_STANDARD = gnu11;
				GCC_NO_COMMON_BLOCKS = YES;
				GCC_WARN_64_TO_32_BIT_CONVERSION = YES;
				GCC_WARN_ABOUT_RETURN_TYPE = YES_ERROR;
				GCC_WARN_UNDECLARED_SELECTOR = YES;
				GCC_WARN_UNINITIALIZED_AUTOS = YES_AGGRESSIVE;
				GCC_WARN_UNUSED_FUNCTION = YES;
				GCC_WARN_UNUSED_VARIABLE = YES;
				IPHONEOS_DEPLOYMENT_TARGET = 15.2;
				MTL_ENABLE_DEBUG_INFO = NO;
				MTL_FAST_MATH = YES;
				SDKROOT = iphoneos;
				SWIFT_COMPILATION_MODE = wholemodule;
				SWIFT_OPTIMIZATION_LEVEL = "-O";
				VALIDATE_PRODUCT = YES;
			};
			name = Release;
		};
		1892FB9627EDBECD00E88F3D /* Debug */ = {
			isa = XCBuildConfiguration;
			buildSettings = {
				ASSETCATALOG_COMPILER_APPICON_NAME = AppIcon;
				ASSETCATALOG_COMPILER_GLOBAL_ACCENT_COLOR_NAME = AccentColor;
				CODE_SIGN_STYLE = Automatic;
				CURRENT_PROJECT_VERSION = 1;
				DEVELOPMENT_ASSET_PATHS = "\"paywall_challenge_swiftui/Preview Content\"";
				DEVELOPMENT_TEAM = 4UA7W8VRF2;
				ENABLE_PREVIEWS = YES;
				GENERATE_INFOPLIST_FILE = YES;
				INFOPLIST_KEY_UIApplicationSceneManifest_Generation = YES;
				INFOPLIST_KEY_UIApplicationSupportsIndirectInputEvents = YES;
				INFOPLIST_KEY_UILaunchScreen_Generation = YES;
				INFOPLIST_KEY_UISupportedInterfaceOrientations_iPad = "UIInterfaceOrientationPortrait UIInterfaceOrientationPortraitUpsideDown UIInterfaceOrientationLandscapeLeft UIInterfaceOrientationLandscapeRight";
				INFOPLIST_KEY_UISupportedInterfaceOrientations_iPhone = "UIInterfaceOrientationPortrait UIInterfaceOrientationLandscapeLeft UIInterfaceOrientationLandscapeRight";
				LD_RUNPATH_SEARCH_PATHS = (
					"$(inherited)",
					"@executable_path/Frameworks",
				);
				MARKETING_VERSION = 1.0;
				PRODUCT_BUNDLE_IDENTIFIER = "com.clay.paywall-challenge-swiftui";
				PRODUCT_NAME = "$(TARGET_NAME)";
				SWIFT_EMIT_LOC_STRINGS = YES;
				SWIFT_VERSION = 5.0;
				TARGETED_DEVICE_FAMILY = "1,2";
			};
			name = Debug;
		};
		1892FB9727EDBECD00E88F3D /* Release */ = {
			isa = XCBuildConfiguration;
			buildSettings = {
				ASSETCATALOG_COMPILER_APPICON_NAME = AppIcon;
				ASSETCATALOG_COMPILER_GLOBAL_ACCENT_COLOR_NAME = AccentColor;
				CODE_SIGN_STYLE = Automatic;
				CURRENT_PROJECT_VERSION = 1;
				DEVELOPMENT_ASSET_PATHS = "\"paywall_challenge_swiftui/Preview Content\"";
				DEVELOPMENT_TEAM = 4UA7W8VRF2;
				ENABLE_PREVIEWS = YES;
				GENERATE_INFOPLIST_FILE = YES;
				INFOPLIST_KEY_UIApplicationSceneManifest_Generation = YES;
				INFOPLIST_KEY_UIApplicationSupportsIndirectInputEvents = YES;
				INFOPLIST_KEY_UILaunchScreen_Generation = YES;
				INFOPLIST_KEY_UISupportedInterfaceOrientations_iPad = "UIInterfaceOrientationPortrait UIInterfaceOrientationPortraitUpsideDown UIInterfaceOrientationLandscapeLeft UIInterfaceOrientationLandscapeRight";
				INFOPLIST_KEY_UISupportedInterfaceOrientations_iPhone = "UIInterfaceOrientationPortrait UIInterfaceOrientationLandscapeLeft UIInterfaceOrientationLandscapeRight";
				LD_RUNPATH_SEARCH_PATHS = (
					"$(inherited)",
					"@executable_path/Frameworks",
				);
				MARKETING_VERSION = 1.0;
				PRODUCT_BUNDLE_IDENTIFIER = "com.clay.paywall-challenge-swiftui";
				PRODUCT_NAME = "$(TARGET_NAME)";
				SWIFT_EMIT_LOC_STRINGS = YES;
				SWIFT_VERSION = 5.0;
				TARGETED_DEVICE_FAMILY = "1,2";
			};
			name = Release;
		};
		1892FB9927EDBECD00E88F3D /* Debug */ = {
			isa = XCBuildConfiguration;
			buildSettings = {
				ALWAYS_EMBED_SWIFT_STANDARD_LIBRARIES = YES;
				BUNDLE_LOADER = "$(TEST_HOST)";
				CODE_SIGN_STYLE = Automatic;
				CURRENT_PROJECT_VERSION = 1;
				DEVELOPMENT_TEAM = 4UA7W8VRF2;
				GENERATE_INFOPLIST_FILE = YES;
				IPHONEOS_DEPLOYMENT_TARGET = 15.2;
				MARKETING_VERSION = 1.0;
				PRODUCT_BUNDLE_IDENTIFIER = "com.clay.paywall-challenge-swiftuiTests";
				PRODUCT_NAME = "$(TARGET_NAME)";
				SWIFT_EMIT_LOC_STRINGS = NO;
				SWIFT_VERSION = 5.0;
				TARGETED_DEVICE_FAMILY = "1,2";
				TEST_HOST = "$(BUILT_PRODUCTS_DIR)/paywall_challenge_swiftui.app/paywall_challenge_swiftui";
			};
			name = Debug;
		};
		1892FB9A27EDBECD00E88F3D /* Release */ = {
			isa = XCBuildConfiguration;
			buildSettings = {
				ALWAYS_EMBED_SWIFT_STANDARD_LIBRARIES = YES;
				BUNDLE_LOADER = "$(TEST_HOST)";
				CODE_SIGN_STYLE = Automatic;
				CURRENT_PROJECT_VERSION = 1;
				DEVELOPMENT_TEAM = 4UA7W8VRF2;
				GENERATE_INFOPLIST_FILE = YES;
				IPHONEOS_DEPLOYMENT_TARGET = 15.2;
				MARKETING_VERSION = 1.0;
				PRODUCT_BUNDLE_IDENTIFIER = "com.clay.paywall-challenge-swiftuiTests";
				PRODUCT_NAME = "$(TARGET_NAME)";
				SWIFT_EMIT_LOC_STRINGS = NO;
				SWIFT_VERSION = 5.0;
				TARGETED_DEVICE_FAMILY = "1,2";
				TEST_HOST = "$(BUILT_PRODUCTS_DIR)/paywall_challenge_swiftui.app/paywall_challenge_swiftui";
			};
			name = Release;
		};
		1892FB9C27EDBECD00E88F3D /* Debug */ = {
			isa = XCBuildConfiguration;
			buildSettings = {
				ALWAYS_EMBED_SWIFT_STANDARD_LIBRARIES = YES;
				CODE_SIGN_STYLE = Automatic;
				CURRENT_PROJECT_VERSION = 1;
				DEVELOPMENT_TEAM = 4UA7W8VRF2;
				GENERATE_INFOPLIST_FILE = YES;
				MARKETING_VERSION = 1.0;
				PRODUCT_BUNDLE_IDENTIFIER = "com.clay.paywall-challenge-swiftuiUITests";
				PRODUCT_NAME = "$(TARGET_NAME)";
				SWIFT_EMIT_LOC_STRINGS = NO;
				SWIFT_VERSION = 5.0;
				TARGETED_DEVICE_FAMILY = "1,2";
				TEST_TARGET_NAME = paywall_challenge_swiftui;
			};
			name = Debug;
		};
		1892FB9D27EDBECD00E88F3D /* Release */ = {
			isa = XCBuildConfiguration;
			buildSettings = {
				ALWAYS_EMBED_SWIFT_STANDARD_LIBRARIES = YES;
				CODE_SIGN_STYLE = Automatic;
				CURRENT_PROJECT_VERSION = 1;
				DEVELOPMENT_TEAM = 4UA7W8VRF2;
				GENERATE_INFOPLIST_FILE = YES;
				MARKETING_VERSION = 1.0;
				PRODUCT_BUNDLE_IDENTIFIER = "com.clay.paywall-challenge-swiftuiUITests";
				PRODUCT_NAME = "$(TARGET_NAME)";
				SWIFT_EMIT_LOC_STRINGS = NO;
				SWIFT_VERSION = 5.0;
				TARGETED_DEVICE_FAMILY = "1,2";
				TEST_TARGET_NAME = paywall_challenge_swiftui;
			};
			name = Release;
		};
/* End XCBuildConfiguration section */

/* Begin XCConfigurationList section */
		1892FB6C27EDBECC00E88F3D /* Build configuration list for PBXProject "paywall_challenge_swiftui" */ = {
			isa = XCConfigurationList;
			buildConfigurations = (
				1892FB9327EDBECD00E88F3D /* Debug */,
				1892FB9427EDBECD00E88F3D /* Release */,
			);
			defaultConfigurationIsVisible = 0;
			defaultConfigurationName = Release;
		};
		1892FB9527EDBECD00E88F3D /* Build configuration list for PBXNativeTarget "paywall_challenge_swiftui" */ = {
			isa = XCConfigurationList;
			buildConfigurations = (
				1892FB9627EDBECD00E88F3D /* Debug */,
				1892FB9727EDBECD00E88F3D /* Release */,
			);
			defaultConfigurationIsVisible = 0;
			defaultConfigurationName = Release;
		};
		1892FB9827EDBECD00E88F3D /* Build configuration list for PBXNativeTarget "paywall_challenge_swiftuiTests" */ = {
			isa = XCConfigurationList;
			buildConfigurations = (
				1892FB9927EDBECD00E88F3D /* Debug */,
				1892FB9A27EDBECD00E88F3D /* Release */,
			);
			defaultConfigurationIsVisible = 0;
			defaultConfigurationName = Release;
		};
		1892FB9B27EDBECD00E88F3D /* Build configuration list for PBXNativeTarget "paywall_challenge_swiftuiUITests" */ = {
			isa = XCConfigurationList;
			buildConfigurations = (
				1892FB9C27EDBECD00E88F3D /* Debug */,
				1892FB9D27EDBECD00E88F3D /* Release */,
			);
			defaultConfigurationIsVisible = 0;
			defaultConfigurationName = Release;
		};
/* End XCConfigurationList section */
	};
	rootObject = 1892FB6927EDBECC00E88F3D /* Project object */;
}
