// !$*UTF8*$!
{
	archiveVersion = 1;
	classes = {
	};
	objectVersion = 55;
	objects = {

/* Begin PBXBuildFile section */
		1892FB3927EDBE8A00E88F3D /* AppDelegate.swift in Sources */ = {isa = PBXBuildFile; fileRef = 1892FB3827EDBE8A00E88F3D /* AppDelegate.swift */; };
		1892FB3B27EDBE8A00E88F3D /* SceneDelegate.swift in Sources */ = {isa = PBXBuildFile; fileRef = 1892FB3A27EDBE8A00E88F3D /* SceneDelegate.swift */; };
		1892FB3D27EDBE8A00E88F3D /* ViewController.swift in Sources */ = {isa = PBXBuildFile; fileRef = 1892FB3C27EDBE8A00E88F3D /* ViewController.swift */; };
		1892FB4027EDBE8A00E88F3D /* Main.storyboard in Resources */ = {isa = PBXBuildFile; fileRef = 1892FB3E27EDBE8A00E88F3D /* Main.storyboard */; };
		1892FB4227EDBE8A00E88F3D /* Assets.xcassets in Resources */ = {isa = PBXBuildFile; fileRef = 1892FB4127EDBE8A00E88F3D /* Assets.xcassets */; };
		1892FB4527EDBE8A00E88F3D /* LaunchScreen.storyboard in Resources */ = {isa = PBXBuildFile; fileRef = 1892FB4327EDBE8A00E88F3D /* LaunchScreen.storyboard */; };
		1892FB5027EDBE8A00E88F3D /* paywall_challenge_uikitTests.swift in Sources */ = {isa = PBXBuildFile; fileRef = 1892FB4F27EDBE8A00E88F3D /* paywall_challenge_uikitTests.swift */; };
		1892FB5A27EDBE8A00E88F3D /* paywall_challenge_uikitUITests.swift in Sources */ = {isa = PBXBuildFile; fileRef = 1892FB5927EDBE8A00E88F3D /* paywall_challenge_uikitUITests.swift */; };
		1892FB5C27EDBE8A00E88F3D /* paywall_challenge_uikitUITestsLaunchTests.swift in Sources */ = {isa = PBXBuildFile; fileRef = 1892FB5B27EDBE8A00E88F3D /* paywall_challenge_uikitUITestsLaunchTests.swift */; };
/* End PBXBuildFile section */

/* Begin PBXContainerItemProxy section */
		1892FB4C27EDBE8A00E88F3D /* PBXContainerItemProxy */ = {
			isa = PBXContainerItemProxy;
			containerPortal = 1892FB2D27EDBE8A00E88F3D /* Project object */;
			proxyType = 1;
			remoteGlobalIDString = 1892FB3427EDBE8A00E88F3D;
			remoteInfo = paywall_challenge_uikit;
		};
		1892FB5627EDBE8A00E88F3D /* PBXContainerItemProxy */ = {
			isa = PBXContainerItemProxy;
			containerPortal = 1892FB2D27EDBE8A00E88F3D /* Project object */;
			proxyType = 1;
			remoteGlobalIDString = 1892FB3427EDBE8A00E88F3D;
			remoteInfo = paywall_challenge_uikit;
		};
/* End PBXContainerItemProxy section */

/* Begin PBXFileReference section */
		1892FB3527EDBE8A00E88F3D /* paywall_challenge_uikit.app */ = {isa = PBXFileReference; explicitFileType = wrapper.application; includeInIndex = 0; path = paywall_challenge_uikit.app; sourceTree = BUILT_PRODUCTS_DIR; };
		1892FB3827EDBE8A00E88F3D /* AppDelegate.swift */ = {isa = PBXFileReference; lastKnownFileType = sourcecode.swift; path = AppDelegate.swift; sourceTree = "<group>"; };
		1892FB3A27EDBE8A00E88F3D /* SceneDelegate.swift */ = {isa = PBXFileReference; lastKnownFileType = sourcecode.swift; path = SceneDelegate.swift; sourceTree = "<group>"; };
		1892FB3C27EDBE8A00E88F3D /* ViewController.swift */ = {isa = PBXFileReference; lastKnownFileType = sourcecode.swift; path = ViewController.swift; sourceTree = "<group>"; };
		1892FB3F27EDBE8A00E88F3D /* Base */ = {isa = PBXFileReference; lastKnownFileType = file.storyboard; name = Base; path = Base.lproj/Main.storyboard; sourceTree = "<group>"; };
		1892FB4127EDBE8A00E88F3D /* Assets.xcassets */ = {isa = PBXFileReference; lastKnownFileType = folder.assetcatalog; path = Assets.xcassets; sourceTree = "<group>"; };
		1892FB4427EDBE8A00E88F3D /* Base */ = {isa = PBXFileReference; lastKnownFileType = file.storyboard; name = Base; path = Base.lproj/LaunchScreen.storyboard; sourceTree = "<group>"; };
		1892FB4627EDBE8A00E88F3D /* Info.plist */ = {isa = PBXFileReference; lastKnownFileType = text.plist.xml; path = Info.plist; sourceTree = "<group>"; };
		1892FB4B27EDBE8A00E88F3D /* paywall_challenge_uikitTests.xctest */ = {isa = PBXFileReference; explicitFileType = wrapper.cfbundle; includeInIndex = 0; path = paywall_challenge_uikitTests.xctest; sourceTree = BUILT_PRODUCTS_DIR; };
		1892FB4F27EDBE8A00E88F3D /* paywall_challenge_uikitTests.swift */ = {isa = PBXFileReference; lastKnownFileType = sourcecode.swift; path = paywall_challenge_uikitTests.swift; sourceTree = "<group>"; };
		1892FB5527EDBE8A00E88F3D /* paywall_challenge_uikitUITests.xctest */ = {isa = PBXFileReference; explicitFileType = wrapper.cfbundle; includeInIndex = 0; path = paywall_challenge_uikitUITests.xctest; sourceTree = BUILT_PRODUCTS_DIR; };
		1892FB5927EDBE8A00E88F3D /* paywall_challenge_uikitUITests.swift */ = {isa = PBXFileReference; lastKnownFileType = sourcecode.swift; path = paywall_challenge_uikitUITests.swift; sourceTree = "<group>"; };
		1892FB5B27EDBE8A00E88F3D /* paywall_challenge_uikitUITestsLaunchTests.swift */ = {isa = PBXFileReference; lastKnownFileType = sourcecode.swift; path = paywall_challenge_uikitUITestsLaunchTests.swift; sourceTree = "<group>"; };
/* End PBXFileReference section */

/* Begin PBXFrameworksBuildPhase section */
		1892FB3227EDBE8A00E88F3D /* Frameworks */ = {
			isa = PBXFrameworksBuildPhase;
			buildActionMask = 2147483647;
			files = (
			);
			runOnlyForDeploymentPostprocessing = 0;
		};
		1892FB4827EDBE8A00E88F3D /* Frameworks */ = {
			isa = PBXFrameworksBuildPhase;
			buildActionMask = 2147483647;
			files = (
			);
			runOnlyForDeploymentPostprocessing = 0;
		};
		1892FB5227EDBE8A00E88F3D /* Frameworks */ = {
			isa = PBXFrameworksBuildPhase;
			buildActionMask = 2147483647;
			files = (
			);
			runOnlyForDeploymentPostprocessing = 0;
		};
/* End PBXFrameworksBuildPhase section */

/* Begin PBXGroup section */
		1892FB2C27EDBE8A00E88F3D = {
			isa = PBXGroup;
			children = (
				1892FB3727EDBE8A00E88F3D /* paywall_challenge_uikit */,
				1892FB4E27EDBE8A00E88F3D /* paywall_challenge_uikitTests */,
				1892FB5827EDBE8A00E88F3D /* paywall_challenge_uikitUITests */,
				1892FB3627EDBE8A00E88F3D /* Products */,
			);
			sourceTree = "<group>";
		};
		1892FB3627EDBE8A00E88F3D /* Products */ = {
			isa = PBXGroup;
			children = (
				1892FB3527EDBE8A00E88F3D /* paywall_challenge_uikit.app */,
				1892FB4B27EDBE8A00E88F3D /* paywall_challenge_uikitTests.xctest */,
				1892FB5527EDBE8A00E88F3D /* paywall_challenge_uikitUITests.xctest */,
			);
			name = Products;
			sourceTree = "<group>";
		};
		1892FB3727EDBE8A00E88F3D /* paywall_challenge_uikit */ = {
			isa = PBXGroup;
			children = (
				1892FB3827EDBE8A00E88F3D /* AppDelegate.swift */,
				1892FB3A27EDBE8A00E88F3D /* SceneDelegate.swift */,
				1892FB3C27EDBE8A00E88F3D /* ViewController.swift */,
				1892FB3E27EDBE8A00E88F3D /* Main.storyboard */,
				1892FB4127EDBE8A00E88F3D /* Assets.xcassets */,
				1892FB4327EDBE8A00E88F3D /* LaunchScreen.storyboard */,
				1892FB4627EDBE8A00E88F3D /* Info.plist */,
			);
			path = paywall_challenge_uikit;
			sourceTree = "<group>";
		};
		1892FB4E27EDBE8A00E88F3D /* paywall_challenge_uikitTests */ = {
			isa = PBXGroup;
			children = (
				1892FB4F27EDBE8A00E88F3D /* paywall_challenge_uikitTests.swift */,
			);
			path = paywall_challenge_uikitTests;
			sourceTree = "<group>";
		};
		1892FB5827EDBE8A00E88F3D /* paywall_challenge_uikitUITests */ = {
			isa = PBXGroup;
			children = (
				1892FB5927EDBE8A00E88F3D /* paywall_challenge_uikitUITests.swift */,
				1892FB5B27EDBE8A00E88F3D /* paywall_challenge_uikitUITestsLaunchTests.swift */,
			);
			path = paywall_challenge_uikitUITests;
			sourceTree = "<group>";
		};
/* End PBXGroup section */

/* Begin PBXNativeTarget section */
		1892FB3427EDBE8A00E88F3D /* paywall_challenge_uikit */ = {
			isa = PBXNativeTarget;
			buildConfigurationList = 1892FB5F27EDBE8A00E88F3D /* Build configuration list for PBXNativeTarget "paywall_challenge_uikit" */;
			buildPhases = (
				1892FB3127EDBE8A00E88F3D /* Sources */,
				1892FB3227EDBE8A00E88F3D /* Frameworks */,
				1892FB3327EDBE8A00E88F3D /* Resources */,
			);
			buildRules = (
			);
			dependencies = (
			);
			name = paywall_challenge_uikit;
			productName = paywall_challenge_uikit;
			productReference = 1892FB3527EDBE8A00E88F3D /* paywall_challenge_uikit.app */;
			productType = "com.apple.product-type.application";
		};
		1892FB4A27EDBE8A00E88F3D /* paywall_challenge_uikitTests */ = {
			isa = PBXNativeTarget;
			buildConfigurationList = 1892FB6227EDBE8A00E88F3D /* Build configuration list for PBXNativeTarget "paywall_challenge_uikitTests" */;
			buildPhases = (
				1892FB4727EDBE8A00E88F3D /* Sources */,
				1892FB4827EDBE8A00E88F3D /* Frameworks */,
				1892FB4927EDBE8A00E88F3D /* Resources */,
			);
			buildRules = (
			);
			dependencies = (
				1892FB4D27EDBE8A00E88F3D /* PBXTargetDependency */,
			);
			name = paywall_challenge_uikitTests;
			productName = paywall_challenge_uikitTests;
			productReference = 1892FB4B27EDBE8A00E88F3D /* paywall_challenge_uikitTests.xctest */;
			productType = "com.apple.product-type.bundle.unit-test";
		};
		1892FB5427EDBE8A00E88F3D /* paywall_challenge_uikitUITests */ = {
			isa = PBXNativeTarget;
			buildConfigurationList = 1892FB6527EDBE8A00E88F3D /* Build configuration list for PBXNativeTarget "paywall_challenge_uikitUITests" */;
			buildPhases = (
				1892FB5127EDBE8A00E88F3D /* Sources */,
				1892FB5227EDBE8A00E88F3D /* Frameworks */,
				1892FB5327EDBE8A00E88F3D /* Resources */,
			);
			buildRules = (
			);
			dependencies = (
				1892FB5727EDBE8A00E88F3D /* PBXTargetDependency */,
			);
			name = paywall_challenge_uikitUITests;
			productName = paywall_challenge_uikitUITests;
			productReference = 1892FB5527EDBE8A00E88F3D /* paywall_challenge_uikitUITests.xctest */;
			productType = "com.apple.product-type.bundle.ui-testing";
		};
/* End PBXNativeTarget section */

/* Begin PBXProject section */
		1892FB2D27EDBE8A00E88F3D /* Project object */ = {
			isa = PBXProject;
			attributes = {
				BuildIndependentTargetsInParallel = 1;
				LastSwiftUpdateCheck = 1320;
				LastUpgradeCheck = 1320;
				TargetAttributes = {
					1892FB3427EDBE8A00E88F3D = {
						CreatedOnToolsVersion = 13.2.1;
					};
					1892FB4A27EDBE8A00E88F3D = {
						CreatedOnToolsVersion = 13.2.1;
						TestTargetID = 1892FB3427EDBE8A00E88F3D;
					};
					1892FB5427EDBE8A00E88F3D = {
						CreatedOnToolsVersion = 13.2.1;
						TestTargetID = 1892FB3427EDBE8A00E88F3D;
					};
				};
			};
			buildConfigurationList = 1892FB3027EDBE8A00E88F3D /* Build configuration list for PBXProject "paywall_challenge_uikit" */;
			compatibilityVersion = "Xcode 13.0";
			developmentRegion = en;
			hasScannedForEncodings = 0;
			knownRegions = (
				en,
				Base,
			);
			mainGroup = 1892FB2C27EDBE8A00E88F3D;
			productRefGroup = 1892FB3627EDBE8A00E88F3D /* Products */;
			projectDirPath = "";
			projectRoot = "";
			targets = (
				1892FB3427EDBE8A00E88F3D /* paywall_challenge_uikit */,
				1892FB4A27EDBE8A00E88F3D /* paywall_challenge_uikitTests */,
				1892FB5427EDBE8A00E88F3D /* paywall_challenge_uikitUITests */,
			);
		};
/* End PBXProject section */

/* Begin PBXResourcesBuildPhase section */
		1892FB3327EDBE8A00E88F3D /* Resources */ = {
			isa = PBXResourcesBuildPhase;
			buildActionMask = 2147483647;
			files = (
				1892FB4527EDBE8A00E88F3D /* LaunchScreen.storyboard in Resources */,
				1892FB4227EDBE8A00E88F3D /* Assets.xcassets in Resources */,
				1892FB4027EDBE8A00E88F3D /* Main.storyboard in Resources */,
			);
			runOnlyForDeploymentPostprocessing = 0;
		};
		1892FB4927EDBE8A00E88F3D /* Resources */ = {
			isa = PBXResourcesBuildPhase;
			buildActionMask = 2147483647;
			files = (
			);
			runOnlyForDeploymentPostprocessing = 0;
		};
		1892FB5327EDBE8A00E88F3D /* Resources */ = {
			isa = PBXResourcesBuildPhase;
			buildActionMask = 2147483647;
			files = (
			);
			runOnlyForDeploymentPostprocessing = 0;
		};
/* End PBXResourcesBuildPhase section */

/* Begin PBXSourcesBuildPhase section */
		1892FB3127EDBE8A00E88F3D /* Sources */ = {
			isa = PBXSourcesBuildPhase;
			buildActionMask = 2147483647;
			files = (
				1892FB3D27EDBE8A00E88F3D /* ViewController.swift in Sources */,
				1892FB3927EDBE8A00E88F3D /* AppDelegate.swift in Sources */,
				1892FB3B27EDBE8A00E88F3D /* SceneDelegate.swift in Sources */,
			);
			runOnlyForDeploymentPostprocessing = 0;
		};
		1892FB4727EDBE8A00E88F3D /* Sources */ = {
			isa = PBXSourcesBuildPhase;
			buildActionMask = 2147483647;
			files = (
				1892FB5027EDBE8A00E88F3D /* paywall_challenge_uikitTests.swift in Sources */,
			);
			runOnlyForDeploymentPostprocessing = 0;
		};
		1892FB5127EDBE8A00E88F3D /* Sources */ = {
			isa = PBXSourcesBuildPhase;
			buildActionMask = 2147483647;
			files = (
				1892FB5C27EDBE8A00E88F3D /* paywall_challenge_uikitUITestsLaunchTests.swift in Sources */,
				1892FB5A27EDBE8A00E88F3D /* paywall_challenge_uikitUITests.swift in Sources */,
			);
			runOnlyForDeploymentPostprocessing = 0;
		};
/* End PBXSourcesBuildPhase section */

/* Begin PBXTargetDependency section */
		1892FB4D27EDBE8A00E88F3D /* PBXTargetDependency */ = {
			isa = PBXTargetDependency;
			target = 1892FB3427EDBE8A00E88F3D /* paywall_challenge_uikit */;
			targetProxy = 1892FB4C27EDBE8A00E88F3D /* PBXContainerItemProxy */;
		};
		1892FB5727EDBE8A00E88F3D /* PBXTargetDependency */ = {
			isa = PBXTargetDependency;
			target = 1892FB3427EDBE8A00E88F3D /* paywall_challenge_uikit */;
			targetProxy = 1892FB5627EDBE8A00E88F3D /* PBXContainerItemProxy */;
		};
/* End PBXTargetDependency section */

/* Begin PBXVariantGroup section */
		1892FB3E27EDBE8A00E88F3D /* Main.storyboard */ = {
			isa = PBXVariantGroup;
			children = (
				1892FB3F27EDBE8A00E88F3D /* Base */,
			);
			name = Main.storyboard;
			sourceTree = "<group>";
		};
		1892FB4327EDBE8A00E88F3D /* LaunchScreen.storyboard */ = {
			isa = PBXVariantGroup;
			children = (
				1892FB4427EDBE8A00E88F3D /* Base */,
			);
			name = LaunchScreen.storyboard;
			sourceTree = "<group>";
		};
/* End PBXVariantGroup section */

/* Begin XCBuildConfiguration section */
		1892FB5D27EDBE8A00E88F3D /* Debug */ = {
			isa = XCBuildConfiguration;
			buildSettings = {
				ALWAYS_SEARCH_USER_PATHS = NO;
				CLANG_ANALYZER_NONNULL = YES;
				CLANG_ANALYZER_NUMBER_OBJECT_CONVERSION = YES_AGGRESSIVE;
				CLANG_CXX_LANGUAGE_STANDARD = "gnu++17";
				CLANG_CXX_LIBRARY = "libc++";
				CLANG_ENABLE_MODULES = YES;
				CLANG_ENABLE_OBJC_ARC = YES;
				CLANG_ENABLE_OBJC_WEAK = YES;
				CLANG_WARN_BLOCK_CAPTURE_AUTORELEASING = YES;
				CLANG_WARN_BOOL_CONVERSION = YES;
				CLANG_WARN_COMMA = YES;
				CLANG_WARN_CONSTANT_CONVERSION = YES;
				CLANG_WARN_DEPRECATED_OBJC_IMPLEMENTATIONS = YES;
				CLANG_WARN_DIRECT_OBJC_ISA_USAGE = YES_ERROR;
				CLANG_WARN_DOCUMENTATION_COMMENTS = YES;
				CLANG_WARN_EMPTY_BODY = YES;
				CLANG_WARN_ENUM_CONVERSION = YES;
				CLANG_WARN_INFINITE_RECURSION = YES;
				CLANG_WARN_INT_CONVERSION = YES;
				CLANG_WARN_NON_LITERAL_NULL_CONVERSION = YES;
				CLANG_WARN_OBJC_IMPLICIT_RETAIN_SELF = YES;
				CLANG_WARN_OBJC_LITERAL_CONVERSION = YES;
				CLANG_WARN_OBJC_ROOT_CLASS = YES_ERROR;
				CLANG_WARN_QUOTED_INCLUDE_IN_FRAMEWORK_HEADER = YES;
				CLANG_WARN_RANGE_LOOP_ANALYSIS = YES;
				CLANG_WARN_STRICT_PROTOTYPES = YES;
				CLANG_WARN_SUSPICIOUS_MOVE = YES;
				CLANG_WARN_UNGUARDED_AVAILABILITY = YES_AGGRESSIVE;
				CLANG_WARN_UNREACHABLE_CODE = YES;
				CLANG_WARN__DUPLICATE_METHOD_MATCH = YES;
				COPY_PHASE_STRIP = NO;
				DEBUG_INFORMATION_FORMAT = dwarf;
				ENABLE_STRICT_OBJC_MSGSEND = YES;
				ENABLE_TESTABILITY = YES;
				GCC_C_LANGUAGE_STANDARD = gnu11;
				GCC_DYNAMIC_NO_PIC = NO;
				GCC_NO_COMMON_BLOCKS = YES;
				GCC_OPTIMIZATION_LEVEL = 0;
				GCC_PREPROCESSOR_DEFINITIONS = (
					"DEBUG=1",
					"$(inherited)",
				);
				GCC_WARN_64_TO_32_BIT_CONVERSION = YES;
				GCC_WARN_ABOUT_RETURN_TYPE = YES_ERROR;
				GCC_WARN_UNDECLARED_SELECTOR = YES;
				GCC_WARN_UNINITIALIZED_AUTOS = YES_AGGRESSIVE;
				GCC_WARN_UNUSED_FUNCTION = YES;
				GCC_WARN_UNUSED_VARIABLE = YES;
				IPHONEOS_DEPLOYMENT_TARGET = 15.2;
				MTL_ENABLE_DEBUG_INFO = INCLUDE_SOURCE;
				MTL_FAST_MATH = YES;
				ONLY_ACTIVE_ARCH = YES;
				SDKROOT = iphoneos;
				SWIFT_ACTIVE_COMPILATION_CONDITIONS = DEBUG;
				SWIFT_OPTIMIZATION_LEVEL = "-Onone";
			};
			name = Debug;
		};
		1892FB5E27EDBE8A00E88F3D /* Release */ = {
			isa = XCBuildConfiguration;
			buildSettings = {
				ALWAYS_SEARCH_USER_PATHS = NO;
				CLANG_ANALYZER_NONNULL = YES;
				CLANG_ANALYZER_NUMBER_OBJECT_CONVERSION = YES_AGGRESSIVE;
				CLANG_CXX_LANGUAGE_STANDARD = "gnu++17";
				CLANG_CXX_LIBRARY = "libc++";
				CLANG_ENABLE_MODULES = YES;
				CLANG_ENABLE_OBJC_ARC = YES;
				CLANG_ENABLE_OBJC_WEAK = YES;
				CLANG_WARN_BLOCK_CAPTURE_AUTORELEASING = YES;
				CLANG_WARN_BOOL_CONVERSION = YES;
				CLANG_WARN_COMMA = YES;
				CLANG_WARN_CONSTANT_CONVERSION = YES;
				CLANG_WARN_DEPRECATED_OBJC_IMPLEMENTATIONS = YES;
				CLANG_WARN_DIRECT_OBJC_ISA_USAGE = YES_ERROR;
				CLANG_WARN_DOCUMENTATION_COMMENTS = YES;
				CLANG_WARN_EMPTY_BODY = YES;
				CLANG_WARN_ENUM_CONVERSION = YES;
				CLANG_WARN_INFINITE_RECURSION = YES;
				CLANG_WARN_INT_CONVERSION = YES;
				CLANG_WARN_NON_LITERAL_NULL_CONVERSION = YES;
				CLANG_WARN_OBJC_IMPLICIT_RETAIN_SELF = YES;
				CLANG_WARN_OBJC_LITERAL_CONVERSION = YES;
				CLANG_WARN_OBJC_ROOT_CLASS = YES_ERROR;
				CLANG_WARN_QUOTED_INCLUDE_IN_FRAMEWORK_HEADER = YES;
				CLANG_WARN_RANGE_LOOP_ANALYSIS = YES;
				CLANG_WARN_STRICT_PROTOTYPES = YES;
				CLANG_WARN_SUSPICIOUS_MOVE = YES;
				CLANG_WARN_UNGUARDED_AVAILABILITY = YES_AGGRESSIVE;
				CLANG_WARN_UNREACHABLE_CODE = YES;
				CLANG_WARN__DUPLICATE_METHOD_MATCH = YES;
				COPY_PHASE_STRIP = NO;
				DEBUG_INFORMATION_FORMAT = "dwarf-with-dsym";
				ENABLE_NS_ASSERTIONS = NO;
				ENABLE_STRICT_OBJC_MSGSEND = YES;
				GCC_C_LANGUAGE_STANDARD = gnu11;
				GCC_NO_COMMON_BLOCKS = YES;
				GCC_WARN_64_TO_32_BIT_CONVERSION = YES;
				GCC_WARN_ABOUT_RETURN_TYPE = YES_ERROR;
				GCC_WARN_UNDECLARED_SELECTOR = YES;
				GCC_WARN_UNINITIALIZED_AUTOS = YES_AGGRESSIVE;
				GCC_WARN_UNUSED_FUNCTION = YES;
				GCC_WARN_UNUSED_VARIABLE = YES;
				IPHONEOS_DEPLOYMENT_TARGET = 15.2;
				MTL_ENABLE_DEBUG_INFO = NO;
				MTL_FAST_MATH = YES;
				SDKROOT = iphoneos;
				SWIFT_COMPILATION_MODE = wholemodule;
				SWIFT_OPTIMIZATION_LEVEL = "-O";
				VALIDATE_PRODUCT = YES;
			};
			name = Release;
		};
		1892FB6027EDBE8A00E88F3D /* Debug */ = {
			isa = XCBuildConfiguration;
			buildSettings = {
				ASSETCATALOG_COMPILER_APPICON_NAME = AppIcon;
				ASSETCATALOG_COMPILER_GLOBAL_ACCENT_COLOR_NAME = AccentColor;
				CODE_SIGN_STYLE = Automatic;
				CURRENT_PROJECT_VERSION = 1;
				DEVELOPMENT_TEAM = 4UA7W8VRF2;
				GENERATE_INFOPLIST_FILE = YES;
				INFOPLIST_FILE = paywall_challenge_uikit/Info.plist;
				INFOPLIST_KEY_UIApplicationSupportsIndirectInputEvents = YES;
				INFOPLIST_KEY_UILaunchStoryboardName = LaunchScreen;
				INFOPLIST_KEY_UIMainStoryboardFile = Main;
				INFOPLIST_KEY_UISupportedInterfaceOrientations_iPad = "UIInterfaceOrientationPortrait UIInterfaceOrientationPortraitUpsideDown UIInterfaceOrientationLandscapeLeft UIInterfaceOrientationLandscapeRight";
				INFOPLIST_KEY_UISupportedInterfaceOrientations_iPhone = "UIInterfaceOrientationPortrait UIInterfaceOrientationLandscapeLeft UIInterfaceOrientationLandscapeRight";
				LD_RUNPATH_SEARCH_PATHS = (
					"$(inherited)",
					"@executable_path/Frameworks",
				);
				MARKETING_VERSION = 1.0;
				PRODUCT_BUNDLE_IDENTIFIER = "com.clay.paywall-challenge-uikit";
				PRODUCT_NAME = "$(TARGET_NAME)";
				SWIFT_EMIT_LOC_STRINGS = YES;
				SWIFT_VERSION = 5.0;
				TARGETED_DEVICE_FAMILY = "1,2";
			};
			name = Debug;
		};
		1892FB6127EDBE8A00E88F3D /* Release */ = {
			isa = XCBuildConfiguration;
			buildSettings = {
				ASSETCATALOG_COMPILER_APPICON_NAME = AppIcon;
				ASSETCATALOG_COMPILER_GLOBAL_ACCENT_COLOR_NAME = AccentColor;
				CODE_SIGN_STYLE = Automatic;
				CURRENT_PROJECT_VERSION = 1;
				DEVELOPMENT_TEAM = 4UA7W8VRF2;
				GENERATE_INFOPLIST_FILE = YES;
				INFOPLIST_FILE = paywall_challenge_uikit/Info.plist;
				INFOPLIST_KEY_UIApplicationSupportsIndirectInputEvents = YES;
				INFOPLIST_KEY_UILaunchStoryboardName = LaunchScreen;
				INFOPLIST_KEY_UIMainStoryboardFile = Main;
				INFOPLIST_KEY_UISupportedInterfaceOrientations_iPad = "UIInterfaceOrientationPortrait UIInterfaceOrientationPortraitUpsideDown UIInterfaceOrientationLandscapeLeft UIInterfaceOrientationLandscapeRight";
				INFOPLIST_KEY_UISupportedInterfaceOrientations_iPhone = "UIInterfaceOrientationPortrait UIInterfaceOrientationLandscapeLeft UIInterfaceOrientationLandscapeRight";
				LD_RUNPATH_SEARCH_PATHS = (
					"$(inherited)",
					"@executable_path/Frameworks",
				);
				MARKETING_VERSION = 1.0;
				PRODUCT_BUNDLE_IDENTIFIER = "com.clay.paywall-challenge-uikit";
				PRODUCT_NAME = "$(TARGET_NAME)";
				SWIFT_EMIT_LOC_STRINGS = YES;
				SWIFT_VERSION = 5.0;
				TARGETED_DEVICE_FAMILY = "1,2";
			};
			name = Release;
		};
		1892FB6327EDBE8A00E88F3D /* Debug */ = {
			isa = XCBuildConfiguration;
			buildSettings = {
				ALWAYS_EMBED_SWIFT_STANDARD_LIBRARIES = YES;
				BUNDLE_LOADER = "$(TEST_HOST)";
				CODE_SIGN_STYLE = Automatic;
				CURRENT_PROJECT_VERSION = 1;
				DEVELOPMENT_TEAM = 4UA7W8VRF2;
				GENERATE_INFOPLIST_FILE = YES;
				IPHONEOS_DEPLOYMENT_TARGET = 15.2;
				MARKETING_VERSION = 1.0;
				PRODUCT_BUNDLE_IDENTIFIER = "com.clay.paywall-challenge-uikitTests";
				PRODUCT_NAME = "$(TARGET_NAME)";
				SWIFT_EMIT_LOC_STRINGS = NO;
				SWIFT_VERSION = 5.0;
				TARGETED_DEVICE_FAMILY = "1,2";
				TEST_HOST = "$(BUILT_PRODUCTS_DIR)/paywall_challenge_uikit.app/paywall_challenge_uikit";
			};
			name = Debug;
		};
		1892FB6427EDBE8A00E88F3D /* Release */ = {
			isa = XCBuildConfiguration;
			buildSettings = {
				ALWAYS_EMBED_SWIFT_STANDARD_LIBRARIES = YES;
				BUNDLE_LOADER = "$(TEST_HOST)";
				CODE_SIGN_STYLE = Automatic;
				CURRENT_PROJECT_VERSION = 1;
				DEVELOPMENT_TEAM = 4UA7W8VRF2;
				GENERATE_INFOPLIST_FILE = YES;
				IPHONEOS_DEPLOYMENT_TARGET = 15.2;
				MARKETING_VERSION = 1.0;
				PRODUCT_BUNDLE_IDENTIFIER = "com.clay.paywall-challenge-uikitTests";
				PRODUCT_NAME = "$(TARGET_NAME)";
				SWIFT_EMIT_LOC_STRINGS = NO;
				SWIFT_VERSION = 5.0;
				TARGETED_DEVICE_FAMILY = "1,2";
				TEST_HOST = "$(BUILT_PRODUCTS_DIR)/paywall_challenge_uikit.app/paywall_challenge_uikit";
			};
			name = Release;
		};
		1892FB6627EDBE8A00E88F3D /* Debug */ = {
			isa = XCBuildConfiguration;
			buildSettings = {
				ALWAYS_EMBED_SWIFT_STANDARD_LIBRARIES = YES;
				CODE_SIGN_STYLE = Automatic;
				CURRENT_PROJECT_VERSION = 1;
				DEVELOPMENT_TEAM = 4UA7W8VRF2;
				GENERATE_INFOPLIST_FILE = YES;
				MARKETING_VERSION = 1.0;
				PRODUCT_BUNDLE_IDENTIFIER = "com.clay.paywall-challenge-uikitUITests";
				PRODUCT_NAME = "$(TARGET_NAME)";
				SWIFT_EMIT_LOC_STRINGS = NO;
				SWIFT_VERSION = 5.0;
				TARGETED_DEVICE_FAMILY = "1,2";
				TEST_TARGET_NAME = paywall_challenge_uikit;
			};
			name = Debug;
		};
		1892FB6727EDBE8A00E88F3D /* Release */ = {
			isa = XCBuildConfiguration;
			buildSettings = {
				ALWAYS_EMBED_SWIFT_STANDARD_LIBRARIES = YES;
				CODE_SIGN_STYLE = Automatic;
				CURRENT_PROJECT_VERSION = 1;
				DEVELOPMENT_TEAM = 4UA7W8VRF2;
				GENERATE_INFOPLIST_FILE = YES;
				MARKETING_VERSION = 1.0;
				PRODUCT_BUNDLE_IDENTIFIER = "com.clay.paywall-challenge-uikitUITests";
				PRODUCT_NAME = "$(TARGET_NAME)";
				SWIFT_EMIT_LOC_STRINGS = NO;
				SWIFT_VERSION = 5.0;
				TARGETED_DEVICE_FAMILY = "1,2";
				TEST_TARGET_NAME = paywall_challenge_uikit;
			};
			name = Release;
		};
/* End XCBuildConfiguration section */

/* Begin XCConfigurationList section */
		1892FB3027EDBE8A00E88F3D /* Build configuration list for PBXProject "paywall_challenge_uikit" */ = {
			isa = XCConfigurationList;
			buildConfigurations = (
				1892FB5D27EDBE8A00E88F3D /* Debug */,
				1892FB5E27EDBE8A00E88F3D /* Release */,
			);
			defaultConfigurationIsVisible = 0;
			defaultConfigurationName = Release;
		};
		1892FB5F27EDBE8A00E88F3D /* Build configuration list for PBXNativeTarget "paywall_challenge_uikit" */ = {
			isa = XCConfigurationList;
			buildConfigurations = (
				1892FB6027EDBE8A00E88F3D /* Debug */,
				1892FB6127EDBE8A00E88F3D /* Release */,
			);
			defaultConfigurationIsVisible = 0;
			defaultConfigurationName = Release;
		};
		1892FB6227EDBE8A00E88F3D /* Build configuration list for PBXNativeTarget "paywall_challenge_uikitTests" */ = {
			isa = XCConfigurationList;
			buildConfigurations = (
				1892FB6327EDBE8A00E88F3D /* Debug */,
				1892FB6427EDBE8A00E88F3D /* Release */,
			);
			defaultConfigurationIsVisible = 0;
			defaultConfigurationName = Release;
		};
		1892FB6527EDBE8A00E88F3D /* Build configuration list for PBXNativeTarget "paywall_challenge_uikitUITests" */ = {
			isa = XCConfigurationList;
			buildConfigurations = (
				1892FB6627EDBE8A00E88F3D /* Debug */,
				1892FB6727EDBE8A00E88F3D /* Release */,
			);
			defaultConfigurationIsVisible = 0;
			defaultConfigurationName = Release;
		};
/* End XCConfigurationList section */
	};
	rootObject = 1892FB2D27EDBE8A00E88F3D /* Project object */;
}
